// !$*UTF8*$!
{
	archiveVersion = 1;
	classes = {
	};
	objectVersion = 77;
	objects = {

/* Begin PBXBuildFile section */
		BF1925682E3C8AD50081EEAF /* Specification.md in Resources */ = {isa = PBXBuildFile; fileRef = BF1925672E3C8ACE0081EEAF /* Specification.md */; };
/* End PBXBuildFile section */

/* Begin PBXContainerItemProxy section */
		BF19254B2E3C88CC0081EEAF /* PBXContainerItemProxy */ = {
			isa = PBXContainerItemProxy;
			containerPortal = BF1925322E3C88CB0081EEAF /* Project object */;
			proxyType = 1;
			remoteGlobalIDString = BF1925392E3C88CB0081EEAF;
			remoteInfo = AdHocLifeLessons;
		};
		BF1925552E3C88CC0081EEAF /* PBXContainerItemProxy */ = {
			isa = PBXContainerItemProxy;
			containerPortal = BF1925322E3C88CB0081EEAF /* Project object */;
			proxyType = 1;
			remoteGlobalIDString = BF1925392E3C88CB0081EEAF;
			remoteInfo = AdHocLifeLessons;
		};
/* End PBXContainerItemProxy section */

/* Begin PBXFileReference section */
		BF19253A2E3C88CB0081EEAF /* AdHocLifeLessons.app */ = {isa = PBXFileReference; explicitFileType = wrapper.application; includeInIndex = 0; path = AdHocLifeLessons.app; sourceTree = BUILT_PRODUCTS_DIR; };
		BF19254A2E3C88CC0081EEAF /* AdHocLifeLessonsTests.xctest */ = {isa = PBXFileReference; explicitFileType = wrapper.cfbundle; includeInIndex = 0; path = AdHocLifeLessonsTests.xctest; sourceTree = BUILT_PRODUCTS_DIR; };
		BF1925542E3C88CC0081EEAF /* AdHocLifeLessonsUITests.xctest */ = {isa = PBXFileReference; explicitFileType = wrapper.cfbundle; includeInIndex = 0; path = AdHocLifeLessonsUITests.xctest; sourceTree = BUILT_PRODUCTS_DIR; };
		BF1925672E3C8ACE0081EEAF /* Specification.md */ = {isa = PBXFileReference; lastKnownFileType = net.daringfireball.markdown; path = Specification.md; sourceTree = "<group>"; };
/* End PBXFileReference section */

/* Begin PBXFileSystemSynchronizedRootGroup section */
		BF19253C2E3C88CB0081EEAF /* AdHocLifeLessons */ = {
			isa = PBXFileSystemSynchronizedRootGroup;
			path = AdHocLifeLessons;
			sourceTree = "<group>";
		};
		BF19254D2E3C88CC0081EEAF /* AdHocLifeLessonsTests */ = {
			isa = PBXFileSystemSynchronizedRootGroup;
			path = AdHocLifeLessonsTests;
			sourceTree = "<group>";
		};
		BF1925572E3C88CC0081EEAF /* AdHocLifeLessonsUITests */ = {
			isa = PBXFileSystemSynchronizedRootGroup;
			path = AdHocLifeLessonsUITests;
			sourceTree = "<group>";
		};
/* End PBXFileSystemSynchronizedRootGroup section */

/* Begin PBXFrameworksBuildPhase section */
		BF1925372E3C88CB0081EEAF /* Frameworks */ = {
			isa = PBXFrameworksBuildPhase;
			buildActionMask = 2147483647;
			files = (
			);
			runOnlyForDeploymentPostprocessing = 0;
		};
		BF1925472E3C88CC0081EEAF /* Frameworks */ = {
			isa = PBXFrameworksBuildPhase;
			buildActionMask = 2147483647;
			files = (
			);
			runOnlyForDeploymentPostprocessing = 0;
		};
		BF1925512E3C88CC0081EEAF /* Frameworks */ = {
			isa = PBXFrameworksBuildPhase;
			buildActionMask = 2147483647;
			files = (
			);
			runOnlyForDeploymentPostprocessing = 0;
		};
/* End PBXFrameworksBuildPhase section */

/* Begin PBXGroup section */
		BF1925312E3C88CB0081EEAF = {
			isa = PBXGroup;
			children = (
				BF1925672E3C8ACE0081EEAF /* Specification.md */,
				BF19253C2E3C88CB0081EEAF /* AdHocLifeLessons */,
				BF19254D2E3C88CC0081EEAF /* AdHocLifeLessonsTests */,
				BF1925572E3C88CC0081EEAF /* AdHocLifeLessonsUITests */,
				BF19253B2E3C88CB0081EEAF /* Products */,
			);
			sourceTree = "<group>";
		};
		BF19253B2E3C88CB0081EEAF /* Products */ = {
			isa = PBXGroup;
			children = (
				BF19253A2E3C88CB0081EEAF /* AdHocLifeLessons.app */,
				BF19254A2E3C88CC0081EEAF /* AdHocLifeLessonsTests.xctest */,
				BF1925542E3C88CC0081EEAF /* AdHocLifeLessonsUITests.xctest */,
			);
			name = Products;
			sourceTree = "<group>";
		};
/* End PBXGroup section */

/* Begin PBXNativeTarget section */
		BF1925392E3C88CB0081EEAF /* AdHocLifeLessons */ = {
			isa = PBXNativeTarget;
			buildConfigurationList = BF19255E2E3C88CC0081EEAF /* Build configuration list for PBXNativeTarget "AdHocLifeLessons" */;
			buildPhases = (
				BF1925362E3C88CB0081EEAF /* Sources */,
				BF1925372E3C88CB0081EEAF /* Frameworks */,
				BF1925382E3C88CB0081EEAF /* Resources */,
			);
			buildRules = (
			);
			dependencies = (
			);
			fileSystemSynchronizedGroups = (
				BF19253C2E3C88CB0081EEAF /* AdHocLifeLessons */,
			);
			name = AdHocLifeLessons;
			packageProductDependencies = (
			);
			productName = AdHocLifeLessons;
			productReference = BF19253A2E3C88CB0081EEAF /* AdHocLifeLessons.app */;
			productType = "com.apple.product-type.application";
		};
		BF1925492E3C88CC0081EEAF /* AdHocLifeLessonsTests */ = {
			isa = PBXNativeTarget;
			buildConfigurationList = BF1925612E3C88CC0081EEAF /* Build configuration list for PBXNativeTarget "AdHocLifeLessonsTests" */;
			buildPhases = (
				BF1925462E3C88CC0081EEAF /* Sources */,
				BF1925472E3C88CC0081EEAF /* Frameworks */,
				BF1925482E3C88CC0081EEAF /* Resources */,
			);
			buildRules = (
			);
			dependencies = (
				BF19254C2E3C88CC0081EEAF /* PBXTargetDependency */,
			);
			fileSystemSynchronizedGroups = (
				BF19254D2E3C88CC0081EEAF /* AdHocLifeLessonsTests */,
			);
			name = AdHocLifeLessonsTests;
			packageProductDependencies = (
			);
			productName = AdHocLifeLessonsTests;
			productReference = BF19254A2E3C88CC0081EEAF /* AdHocLifeLessonsTests.xctest */;
			productType = "com.apple.product-type.bundle.unit-test";
		};
		BF1925532E3C88CC0081EEAF /* AdHocLifeLessonsUITests */ = {
			isa = PBXNativeTarget;
			buildConfigurationList = BF1925642E3C88CC0081EEAF /* Build configuration list for PBXNativeTarget "AdHocLifeLessonsUITests" */;
			buildPhases = (
				BF1925502E3C88CC0081EEAF /* Sources */,
				BF1925512E3C88CC0081EEAF /* Frameworks */,
				BF1925522E3C88CC0081EEAF /* Resources */,
			);
			buildRules = (
			);
			dependencies = (
				BF1925562E3C88CC0081EEAF /* PBXTargetDependency */,
			);
			fileSystemSynchronizedGroups = (
				BF1925572E3C88CC0081EEAF /* AdHocLifeLessonsUITests */,
			);
			name = AdHocLifeLessonsUITests;
			packageProductDependencies = (
			);
			productName = AdHocLifeLessonsUITests;
			productReference = BF1925542E3C88CC0081EEAF /* AdHocLifeLessonsUITests.xctest */;
			productType = "com.apple.product-type.bundle.ui-testing";
		};
/* End PBXNativeTarget section */

/* Begin PBXProject section */
		BF1925322E3C88CB0081EEAF /* Project object */ = {
			isa = PBXProject;
			attributes = {
				BuildIndependentTargetsInParallel = 1;
				LastSwiftUpdateCheck = 1640;
				LastUpgradeCheck = 1640;
				TargetAttributes = {
					BF1925392E3C88CB0081EEAF = {
						CreatedOnToolsVersion = 16.4;
					};
					BF1925492E3C88CC0081EEAF = {
						CreatedOnToolsVersion = 16.4;
						TestTargetID = BF1925392E3C88CB0081EEAF;
					};
					BF1925532E3C88CC0081EEAF = {
						CreatedOnToolsVersion = 16.4;
						TestTargetID = BF1925392E3C88CB0081EEAF;
					};
				};
			};
			buildConfigurationList = BF1925352E3C88CB0081EEAF /* Build configuration list for PBXProject "AdHocLifeLessons" */;
			developmentRegion = en;
			hasScannedForEncodings = 0;
			knownRegions = (
				en,
				Base,
			);
			mainGroup = BF1925312E3C88CB0081EEAF;
			minimizedProjectReferenceProxies = 1;
			preferredProjectObjectVersion = 77;
			productRefGroup = BF19253B2E3C88CB0081EEAF /* Products */;
			projectDirPath = "";
			projectRoot = "";
			targets = (
				BF1925392E3C88CB0081EEAF /* AdHocLifeLessons */,
				BF1925492E3C88CC0081EEAF /* AdHocLifeLessonsTests */,
				BF1925532E3C88CC0081EEAF /* AdHocLifeLessonsUITests */,
			);
		};
/* End PBXProject section */

/* Begin PBXResourcesBuildPhase section */
		BF1925382E3C88CB0081EEAF /* Resources */ = {
			isa = PBXResourcesBuildPhase;
			buildActionMask = 2147483647;
			files = (
				BF1925682E3C8AD50081EEAF /* Specification.md in Resources */,
			);
			runOnlyForDeploymentPostprocessing = 0;
		};
		BF1925482E3C88CC0081EEAF /* Resources */ = {
			isa = PBXResourcesBuildPhase;
			buildActionMask = 2147483647;
			files = (
			);
			runOnlyForDeploymentPostprocessing = 0;
		};
		BF1925522E3C88CC0081EEAF /* Resources */ = {
			isa = PBXResourcesBuildPhase;
			buildActionMask = 2147483647;
			files = (
			);
			runOnlyForDeploymentPostprocessing = 0;
		};
/* End PBXResourcesBuildPhase section */

/* Begin PBXSourcesBuildPhase section */
		BF1925362E3C88CB0081EEAF /* Sources */ = {
			isa = PBXSourcesBuildPhase;
			buildActionMask = 2147483647;
			files = (
			);
			runOnlyForDeploymentPostprocessing = 0;
		};
		BF1925462E3C88CC0081EEAF /* Sources */ = {
			isa = PBXSourcesBuildPhase;
			buildActionMask = 2147483647;
			files = (
			);
			runOnlyForDeploymentPostprocessing = 0;
		};
		BF1925502E3C88CC0081EEAF /* Sources */ = {
			isa = PBXSourcesBuildPhase;
			buildActionMask = 2147483647;
			files = (
			);
			runOnlyForDeploymentPostprocessing = 0;
		};
/* End PBXSourcesBuildPhase section */

/* Begin PBXTargetDependency section */
		BF19254C2E3C88CC0081EEAF /* PBXTargetDependency */ = {
			isa = PBXTargetDependency;
			target = BF1925392E3C88CB0081EEAF /* AdHocLifeLessons */;
			targetProxy = BF19254B2E3C88CC0081EEAF /* PBXContainerItemProxy */;
		};
		BF1925562E3C88CC0081EEAF /* PBXTargetDependency */ = {
			isa = PBXTargetDependency;
			target = BF1925392E3C88CB0081EEAF /* AdHocLifeLessons */;
			targetProxy = BF1925552E3C88CC0081EEAF /* PBXContainerItemProxy */;
		};
/* End PBXTargetDependency section */

/* Begin XCBuildConfiguration section */
		BF19255C2E3C88CC0081EEAF /* Debug */ = {
			isa = XCBuildConfiguration;
			buildSettings = {
				ALWAYS_SEARCH_USER_PATHS = NO;
				ASSETCATALOG_COMPILER_GENERATE_SWIFT_ASSET_SYMBOL_EXTENSIONS = YES;
				CLANG_ANALYZER_NONNULL = YES;
				CLANG_ANALYZER_NUMBER_OBJECT_CONVERSION = YES_AGGRESSIVE;
				CLANG_CXX_LANGUAGE_STANDARD = "gnu++20";
				CLANG_ENABLE_MODULES = YES;
				CLANG_ENABLE_OBJC_ARC = YES;
				CLANG_ENABLE_OBJC_WEAK = YES;
				CLANG_WARN_BLOCK_CAPTURE_AUTORELEASING = YES;
				CLANG_WARN_BOOL_CONVERSION = YES;
				CLANG_WARN_COMMA = YES;
				CLANG_WARN_CONSTANT_CONVERSION = YES;
				CLANG_WARN_DEPRECATED_OBJC_IMPLEMENTATIONS = YES;
				CLANG_WARN_DIRECT_OBJC_ISA_USAGE = YES_ERROR;
				CLANG_WARN_DOCUMENTATION_COMMENTS = YES;
				CLANG_WARN_EMPTY_BODY = YES;
				CLANG_WARN_ENUM_CONVERSION = YES;
				CLANG_WARN_INFINITE_RECURSION = YES;
				CLANG_WARN_INT_CONVERSION = YES;
				CLANG_WARN_NON_LITERAL_NULL_CONVERSION = YES;
				CLANG_WARN_OBJC_IMPLICIT_RETAIN_SELF = YES;
				CLANG_WARN_OBJC_LITERAL_CONVERSION = YES;
				CLANG_WARN_OBJC_ROOT_CLASS = YES_ERROR;
				CLANG_WARN_QUOTED_INCLUDE_IN_FRAMEWORK_HEADER = YES;
				CLANG_WARN_RANGE_LOOP_ANALYSIS = YES;
				CLANG_WARN_STRICT_PROTOTYPES = YES;
				CLANG_WARN_SUSPICIOUS_MOVE = YES;
				CLANG_WARN_UNGUARDED_AVAILABILITY = YES_AGGRESSIVE;
				CLANG_WARN_UNREACHABLE_CODE = YES;
				CLANG_WARN__DUPLICATE_METHOD_MATCH = YES;
				COPY_PHASE_STRIP = NO;
				DEBUG_INFORMATION_FORMAT = dwarf;
				DEVELOPMENT_TEAM = M3DCK3B84W;
				ENABLE_STRICT_OBJC_MSGSEND = YES;
				ENABLE_TESTABILITY = YES;
				ENABLE_USER_SCRIPT_SANDBOXING = YES;
				GCC_C_LANGUAGE_STANDARD = gnu17;
				GCC_DYNAMIC_NO_PIC = NO;
				GCC_NO_COMMON_BLOCKS = YES;
				GCC_OPTIMIZATION_LEVEL = 0;
				GCC_PREPROCESSOR_DEFINITIONS = (
					"DEBUG=1",
					"$(inherited)",
				);
				GCC_WARN_64_TO_32_BIT_CONVERSION = YES;
				GCC_WARN_ABOUT_RETURN_TYPE = YES_ERROR;
				GCC_WARN_UNDECLARED_SELECTOR = YES;
				GCC_WARN_UNINITIALIZED_AUTOS = YES_AGGRESSIVE;
				GCC_WARN_UNUSED_FUNCTION = YES;
				GCC_WARN_UNUSED_VARIABLE = YES;
				INFOPLIST_KEY_LSApplicationCategoryType = "public.app-category.productivity";
				LOCALIZATION_PREFERS_STRING_CATALOGS = YES;
				MTL_ENABLE_DEBUG_INFO = INCLUDE_SOURCE;
				MTL_FAST_MATH = YES;
				ONLY_ACTIVE_ARCH = YES;
				SWIFT_ACTIVE_COMPILATION_CONDITIONS = "DEBUG $(inherited)";
				SWIFT_OPTIMIZATION_LEVEL = "-Onone";
			};
			name = Debug;
		};
		BF19255D2E3C88CC0081EEAF /* Release */ = {
			isa = XCBuildConfiguration;
			buildSettings = {
				ALWAYS_SEARCH_USER_PATHS = NO;
				ASSETCATALOG_COMPILER_GENERATE_SWIFT_ASSET_SYMBOL_EXTENSIONS = YES;
				CLANG_ANALYZER_NONNULL = YES;
				CLANG_ANALYZER_NUMBER_OBJECT_CONVERSION = YES_AGGRESSIVE;
				CLANG_CXX_LANGUAGE_STANDARD = "gnu++20";
				CLANG_ENABLE_MODULES = YES;
				CLANG_ENABLE_OBJC_ARC = YES;
				CLANG_ENABLE_OBJC_WEAK = YES;
				CLANG_WARN_BLOCK_CAPTURE_AUTORELEASING = YES;
				CLANG_WARN_BOOL_CONVERSION = YES;
				CLANG_WARN_COMMA = YES;
				CLANG_WARN_CONSTANT_CONVERSION = YES;
				CLANG_WARN_DEPRECATED_OBJC_IMPLEMENTATIONS = YES;
				CLANG_WARN_DIRECT_OBJC_ISA_USAGE = YES_ERROR;
				CLANG_WARN_DOCUMENTATION_COMMENTS = YES;
				CLANG_WARN_EMPTY_BODY = YES;
				CLANG_WARN_ENUM_CONVERSION = YES;
				CLANG_WARN_INFINITE_RECURSION = YES;
				CLANG_WARN_INT_CONVERSION = YES;
				CLANG_WARN_NON_LITERAL_NULL_CONVERSION = YES;
				CLANG_WARN_OBJC_IMPLICIT_RETAIN_SELF = YES;
				CLANG_WARN_OBJC_LITERAL_CONVERSION = YES;
				CLANG_WARN_OBJC_ROOT_CLASS = YES_ERROR;
				CLANG_WARN_QUOTED_INCLUDE_IN_FRAMEWORK_HEADER = YES;
				CLANG_WARN_RANGE_LOOP_ANALYSIS = YES;
				CLANG_WARN_STRICT_PROTOTYPES = YES;
				CLANG_WARN_SUSPICIOUS_MOVE = YES;
				CLANG_WARN_UNGUARDED_AVAILABILITY = YES_AGGRESSIVE;
				CLANG_WARN_UNREACHABLE_CODE = YES;
				CLANG_WARN__DUPLICATE_METHOD_MATCH = YES;
				COPY_PHASE_STRIP = NO;
				DEBUG_INFORMATION_FORMAT = "dwarf-with-dsym";
				DEVELOPMENT_TEAM = M3DCK3B84W;
				ENABLE_NS_ASSERTIONS = NO;
				ENABLE_STRICT_OBJC_MSGSEND = YES;
				ENABLE_USER_SCRIPT_SANDBOXING = YES;
				GCC_C_LANGUAGE_STANDARD = gnu17;
				GCC_NO_COMMON_BLOCKS = YES;
				GCC_WARN_64_TO_32_BIT_CONVERSION = YES;
				GCC_WARN_ABOUT_RETURN_TYPE = YES_ERROR;
				GCC_WARN_UNDECLARED_SELECTOR = YES;
				GCC_WARN_UNINITIALIZED_AUTOS = YES_AGGRESSIVE;
				GCC_WARN_UNUSED_FUNCTION = YES;
				GCC_WARN_UNUSED_VARIABLE = YES;
				INFOPLIST_KEY_LSApplicationCategoryType = "public.app-category.productivity";
				LOCALIZATION_PREFERS_STRING_CATALOGS = YES;
				MTL_ENABLE_DEBUG_INFO = NO;
				MTL_FAST_MATH = YES;
				SWIFT_COMPILATION_MODE = wholemodule;
			};
			name = Release;
		};
		BF19255F2E3C88CC0081EEAF /* Debug */ = {
			isa = XCBuildConfiguration;
			buildSettings = {
				ASSETCATALOG_COMPILER_APPICON_NAME = AppIcon;
				ASSETCATALOG_COMPILER_GLOBAL_ACCENT_COLOR_NAME = AccentColor;
				CODE_SIGN_ENTITLEMENTS = AdHocLifeLessons/AdHocLifeLessons.entitlements;
				CODE_SIGN_STYLE = Automatic;
				CURRENT_PROJECT_VERSION = 1;
				DEVELOPMENT_TEAM = M3DCK3B84W;
				ENABLE_HARDENED_RUNTIME = YES;
				ENABLE_PREVIEWS = YES;
				GENERATE_INFOPLIST_FILE = YES;
				"INFOPLIST_KEY_UIApplicationSceneManifest_Generation[sdk=iphoneos*]" = YES;
				"INFOPLIST_KEY_UIApplicationSceneManifest_Generation[sdk=iphonesimulator*]" = YES;
				"INFOPLIST_KEY_UIApplicationSupportsIndirectInputEvents[sdk=iphoneos*]" = YES;
				"INFOPLIST_KEY_UIApplicationSupportsIndirectInputEvents[sdk=iphonesimulator*]" = YES;
				"INFOPLIST_KEY_UILaunchScreen_Generation[sdk=iphoneos*]" = YES;
				"INFOPLIST_KEY_UILaunchScreen_Generation[sdk=iphonesimulator*]" = YES;
				"INFOPLIST_KEY_UIStatusBarStyle[sdk=iphoneos*]" = UIStatusBarStyleDefault;
				"INFOPLIST_KEY_UIStatusBarStyle[sdk=iphonesimulator*]" = UIStatusBarStyleDefault;
				INFOPLIST_KEY_UISupportedInterfaceOrientations_iPad = "UIInterfaceOrientationPortrait UIInterfaceOrientationPortraitUpsideDown UIInterfaceOrientationLandscapeLeft UIInterfaceOrientationLandscapeRight";
				INFOPLIST_KEY_UISupportedInterfaceOrientations_iPhone = "UIInterfaceOrientationPortrait UIInterfaceOrientationLandscapeLeft UIInterfaceOrientationLandscapeRight";
				IPHONEOS_DEPLOYMENT_TARGET = 18.5;
				LD_RUNPATH_SEARCH_PATHS = "@executable_path/Frameworks";
				"LD_RUNPATH_SEARCH_PATHS[sdk=macosx*]" = "@executable_path/../Frameworks";
				MACOSX_DEPLOYMENT_TARGET = 14.0;
				MARKETING_VERSION = 1.0;
				PRODUCT_BUNDLE_IDENTIFIER = app.rohand.AdHocLifeLessons;
				PRODUCT_NAME = "$(TARGET_NAME)";
				REGISTER_APP_GROUPS = YES;
				SDKROOT = auto;
				SUPPORTED_PLATFORMS = "iphoneos iphonesimulator macosx xros xrsimulator";
				SWIFT_EMIT_LOC_STRINGS = YES;
				SWIFT_VERSION = 5.0;
				TARGETED_DEVICE_FAMILY = "1,2,7";
				XROS_DEPLOYMENT_TARGET = 2.5;
			};
			name = Debug;
		};
		BF1925602E3C88CC0081EEAF /* Release */ = {
			isa = XCBuildConfiguration;
			buildSettings = {
				ASSETCATALOG_COMPILER_APPICON_NAME = AppIcon;
				ASSETCATALOG_COMPILER_GLOBAL_ACCENT_COLOR_NAME = AccentColor;
				CODE_SIGN_ENTITLEMENTS = AdHocLifeLessons/AdHocLifeLessons.entitlements;
				CODE_SIGN_STYLE = Automatic;
				CURRENT_PROJECT_VERSION = 1;
				DEVELOPMENT_TEAM = M3DCK3B84W;
				ENABLE_HARDENED_RUNTIME = YES;
				ENABLE_PREVIEWS = YES;
				GENERATE_INFOPLIST_FILE = YES;
				"INFOPLIST_KEY_UIApplicationSceneManifest_Generation[sdk=iphoneos*]" = YES;
				"INFOPLIST_KEY_UIApplicationSceneManifest_Generation[sdk=iphonesimulator*]" = YES;
				"INFOPLIST_KEY_UIApplicationSupportsIndirectInputEvents[sdk=iphoneos*]" = YES;
				"INFOPLIST_KEY_UIApplicationSupportsIndirectInputEvents[sdk=iphonesimulator*]" = YES;
				"INFOPLIST_KEY_UILaunchScreen_Generation[sdk=iphoneos*]" = YES;
				"INFOPLIST_KEY_UILaunchScreen_Generation[sdk=iphonesimulator*]" = YES;
				"INFOPLIST_KEY_UIStatusBarStyle[sdk=iphoneos*]" = UIStatusBarStyleDefault;
				"INFOPLIST_KEY_UIStatusBarStyle[sdk=iphonesimulator*]" = UIStatusBarStyleDefault;
				INFOPLIST_KEY_UISupportedInterfaceOrientations_iPad = "UIInterfaceOrientationPortrait UIInterfaceOrientationPortraitUpsideDown UIInterfaceOrientationLandscapeLeft UIInterfaceOrientationLandscapeRight";
				INFOPLIST_KEY_UISupportedInterfaceOrientations_iPhone = "UIInterfaceOrientationPortrait UIInterfaceOrientationLandscapeLeft UIInterfaceOrientationLandscapeRight";
				IPHONEOS_DEPLOYMENT_TARGET = 18.5;
				LD_RUNPATH_SEARCH_PATHS = "@executable_path/Frameworks";
				"LD_RUNPATH_SEARCH_PATHS[sdk=macosx*]" = "@executable_path/../Frameworks";
				MACOSX_DEPLOYMENT_TARGET = 14.0;
				MARKETING_VERSION = 1.0;
				PRODUCT_BUNDLE_IDENTIFIER = app.rohand.AdHocLifeLessons;
				PRODUCT_NAME = "$(TARGET_NAME)";
				REGISTER_APP_GROUPS = YES;
				SDKROOT = auto;
				SUPPORTED_PLATFORMS = "iphoneos iphonesimulator macosx xros xrsimulator";
				SWIFT_EMIT_LOC_STRINGS = YES;
				SWIFT_VERSION = 5.0;
				TARGETED_DEVICE_FAMILY = "1,2,7";
				XROS_DEPLOYMENT_TARGET = 2.5;
			};
			name = Release;
		};
		BF1925622E3C88CC0081EEAF /* Debug */ = {
			isa = XCBuildConfiguration;
			buildSettings = {
				BUNDLE_LOADER = "$(TEST_HOST)";
				CODE_SIGN_STYLE = Automatic;
				CURRENT_PROJECT_VERSION = 1;
				DEVELOPMENT_TEAM = M3DCK3B84W;
				GENERATE_INFOPLIST_FILE = YES;
				IPHONEOS_DEPLOYMENT_TARGET = 18.5;
				MACOSX_DEPLOYMENT_TARGET = 15.5;
				MARKETING_VERSION = 1.0;
				PRODUCT_BUNDLE_IDENTIFIER = app.rohand.AdHocLifeLessonsTests;
				PRODUCT_NAME = "$(TARGET_NAME)";
				SDKROOT = auto;
				SUPPORTED_PLATFORMS = "iphoneos iphonesimulator macosx xros xrsimulator";
				SWIFT_EMIT_LOC_STRINGS = NO;
				SWIFT_VERSION = 5.0;
				TARGETED_DEVICE_FAMILY = "1,2,7";
				TEST_HOST = "$(BUILT_PRODUCTS_DIR)/AdHocLifeLessons.app/$(BUNDLE_EXECUTABLE_FOLDER_PATH)/AdHocLifeLessons";
				XROS_DEPLOYMENT_TARGET = 2.5;
			};
			name = Debug;
		};
		BF1925632E3C88CC0081EEAF /* Release */ = {
			isa = XCBuildConfiguration;
			buildSettings = {
				BUNDLE_LOADER = "$(TEST_HOST)";
				CODE_SIGN_STYLE = Automatic;
				CURRENT_PROJECT_VERSION = 1;
				DEVELOPMENT_TEAM = M3DCK3B84W;
				GENERATE_INFOPLIST_FILE = YES;
				IPHONEOS_DEPLOYMENT_TARGET = 18.5;
				MACOSX_DEPLOYMENT_TARGET = 15.5;
				MARKETING_VERSION = 1.0;
				PRODUCT_BUNDLE_IDENTIFIER = app.rohand.AdHocLifeLessonsTests;
				PRODUCT_NAME = "$(TARGET_NAME)";
				SDKROOT = auto;
				SUPPORTED_PLATFORMS = "iphoneos iphonesimulator macosx xros xrsimulator";
				SWIFT_EMIT_LOC_STRINGS = NO;
				SWIFT_VERSION = 5.0;
				TARGETED_DEVICE_FAMILY = "1,2,7";
				TEST_HOST = "$(BUILT_PRODUCTS_DIR)/AdHocLifeLessons.app/$(BUNDLE_EXECUTABLE_FOLDER_PATH)/AdHocLifeLessons";
				XROS_DEPLOYMENT_TARGET = 2.5;
			};
			name = Release;
		};
		BF1925652E3C88CC0081EEAF /* Debug */ = {
			isa = XCBuildConfiguration;
			buildSettings = {
				CODE_SIGN_STYLE = Automatic;
				CURRENT_PROJECT_VERSION = 1;
				DEVELOPMENT_TEAM = M3DCK3B84W;
				GENERATE_INFOPLIST_FILE = YES;
				IPHONEOS_DEPLOYMENT_TARGET = 18.5;
				MACOSX_DEPLOYMENT_TARGET = 15.5;
				MARKETING_VERSION = 1.0;
				PRODUCT_BUNDLE_IDENTIFIER = app.rohand.AdHocLifeLessonsUITests;
				PRODUCT_NAME = "$(TARGET_NAME)";
				SDKROOT = auto;
				SUPPORTED_PLATFORMS = "iphoneos iphonesimulator macosx xros xrsimulator";
				SWIFT_EMIT_LOC_STRINGS = NO;
				SWIFT_VERSION = 5.0;
				TARGETED_DEVICE_FAMILY = "1,2,7";
				TEST_TARGET_NAME = AdHocLifeLessons;
				XROS_DEPLOYMENT_TARGET = 2.5;
			};
			name = Debug;
		};
		BF1925662E3C88CC0081EEAF /* Release */ = {
			isa = XCBuildConfiguration;
			buildSettings = {
				CODE_SIGN_STYLE = Automatic;
				CURRENT_PROJECT_VERSION = 1;
				DEVELOPMENT_TEAM = M3DCK3B84W;
				GENERATE_INFOPLIST_FILE = YES;
				IPHONEOS_DEPLOYMENT_TARGET = 18.5;
				MACOSX_DEPLOYMENT_TARGET = 15.5;
				MARKETING_VERSION = 1.0;
				PRODUCT_BUNDLE_IDENTIFIER = app.rohand.AdHocLifeLessonsUITests;
				PRODUCT_NAME = "$(TARGET_NAME)";
				SDKROOT = auto;
				SUPPORTED_PLATFORMS = "iphoneos iphonesimulator macosx xros xrsimulator";
				SWIFT_EMIT_LOC_STRINGS = NO;
				SWIFT_VERSION = 5.0;
				TARGETED_DEVICE_FAMILY = "1,2,7";
				TEST_TARGET_NAME = AdHocLifeLessons;
				XROS_DEPLOYMENT_TARGET = 2.5;
			};
			name = Release;
		};
/* End XCBuildConfiguration section */

/* Begin XCConfigurationList section */
		BF1925352E3C88CB0081EEAF /* Build configuration list for PBXProject "AdHocLifeLessons" */ = {
			isa = XCConfigurationList;
			buildConfigurations = (
				BF19255C2E3C88CC0081EEAF /* Debug */,
				BF19255D2E3C88CC0081EEAF /* Release */,
			);
			defaultConfigurationIsVisible = 0;
			defaultConfigurationName = Release;
		};
		BF19255E2E3C88CC0081EEAF /* Build configuration list for PBXNativeTarget "AdHocLifeLessons" */ = {
			isa = XCConfigurationList;
			buildConfigurations = (
				BF19255F2E3C88CC0081EEAF /* Debug */,
				BF1925602E3C88CC0081EEAF /* Release */,
			);
			defaultConfigurationIsVisible = 0;
			defaultConfigurationName = Release;
		};
		BF1925612E3C88CC0081EEAF /* Build configuration list for PBXNativeTarget "AdHocLifeLessonsTests" */ = {
			isa = XCConfigurationList;
			buildConfigurations = (
				BF1925622E3C88CC0081EEAF /* Debug */,
				BF1925632E3C88CC0081EEAF /* Release */,
			);
			defaultConfigurationIsVisible = 0;
			defaultConfigurationName = Release;
		};
		BF1925642E3C88CC0081EEAF /* Build configuration list for PBXNativeTarget "AdHocLifeLessonsUITests" */ = {
			isa = XCConfigurationList;
			buildConfigurations = (
				BF1925652E3C88CC0081EEAF /* Debug */,
				BF1925662E3C88CC0081EEAF /* Release */,
			);
			defaultConfigurationIsVisible = 0;
			defaultConfigurationName = Release;
		};
/* End XCConfigurationList section */
	};
	rootObject = BF1925322E3C88CB0081EEAF /* Project object */;
}
